
Microsoft Visual Studio Solution File, Format Version 12.00
# Visual Studio Version 17
VisualStudioVersion = 17.9.34728.123
MinimumVisualStudioVersion = 10.0.40219.1
Project("{FAE04EC0-301F-11D3-BF4B-00C04F79EFBC}") = "FernandoMateoHerrera", "FernandoMateoHerrera\FernandoMateoHerrera.csproj", "{A5B63E56-E6D8-44D3-8D74-EBEDD5B59793}"
EndProject
Global
	GlobalSection(SolutionConfigurationPlatforms) = preSolution
		Debug|Any CPU = Debug|Any CPU
		Release|Any CPU = Release|Any CPU
	EndGlobalSection
	GlobalSection(ProjectConfigurationPlatforms) = postSolution
		{A5B63E56-E6D8-44D3-8D74-EBEDD5B59793}.Debug|Any CPU.ActiveCfg = Debug|Any CPU
		{A5B63E56-E6D8-44D3-8D74-EBEDD5B59793}.Debug|Any CPU.Build.0 = Debug|Any CPU
		{A5B63E56-E6D8-44D3-8D74-EBEDD5B59793}.Release|Any CPU.ActiveCfg = Release|Any CPU
		{A5B63E56-E6D8-44D3-8D74-EBEDD5B59793}.Release|Any CPU.Build.0 = Release|Any CPU
	EndGlobalSection
	GlobalSection(SolutionProperties) = preSolution
		HideSolutionNode = FALSE
	EndGlobalSection
	GlobalSection(ExtensibilityGlobals) = postSolution
		SolutionGuid = {37E73C39-1644-44AD-87A1-240ECD2862E2}
	EndGlobalSection
EndGlobal
